
Microsoft Visual Studio Solution File, Format Version 12.00
# Visual Studio Version 18
VisualStudioVersion = 18.7.11919.86
MinimumVisualStudioVersion = 10.0.40219.1
Project("{54A90642-561A-4BB1-A94E-469ADEE60C69}") = "jobfinders.client", "jobfinders.client\jobfinders.client.esproj", "{EA3F56BE-76C4-6A05-EC8B-D03FBA5EFD86}"
EndProject
Project("{FAE04EC0-301F-11D3-BF4B-00C04F79EFBC}") = "JobFinders.Domain", "JobFinders.Domain\JobFinders.Domain.csproj", "{BD274BBF-8D8B-4262-B2AE-15BE9B33B884}"
EndProject
Project("{FAE04EC0-301F-11D3-BF4B-00C04F79EFBC}") = "JobFinders.Api", "JobFinders.Api\JobFinders.Api.csproj", "{B6898CDC-986F-445C-D757-98E0A23C811B}"
EndProject
Project("{FAE04EC0-301F-11D3-BF4B-00C04F79EFBC}") = "JobFinders.DAL", "JobFinders.DAL\JobFinders.DAL.csproj", "{0F166A92-6A77-8AC9-F0A9-8BA9B2DC4123}"
EndProject
Project("{FAE04EC0-301F-11D3-BF4B-00C04F79EFBC}") = "JobFinders.Application", "JobFinders.Application\JobFinders.Application.csproj", "{3DC74F92-26CD-6258-5F0C-D136C12221D9}"
EndProject
Global
	GlobalSection(SolutionConfigurationPlatforms) = preSolution
		Debug|Any CPU = Debug|Any CPU
		Release|Any CPU = Release|Any CPU
	EndGlobalSection
	GlobalSection(ProjectConfigurationPlatforms) = postSolution
		{EA3F56BE-76C4-6A05-EC8B-D03FBA5EFD86}.Debug|Any CPU.ActiveCfg = Debug|Any CPU
		{EA3F56BE-76C4-6A05-EC8B-D03FBA5EFD86}.Debug|Any CPU.Build.0 = Debug|Any CPU
		{EA3F56BE-76C4-6A05-EC8B-D03FBA5EFD86}.Debug|Any CPU.Deploy.0 = Debug|Any CPU
		{EA3F56BE-76C4-6A05-EC8B-D03FBA5EFD86}.Release|Any CPU.ActiveCfg = Release|Any CPU
		{EA3F56BE-76C4-6A05-EC8B-D03FBA5EFD86}.Release|Any CPU.Build.0 = Release|Any CPU
		{EA3F56BE-76C4-6A05-EC8B-D03FBA5EFD86}.Release|Any CPU.Deploy.0 = Release|Any CPU
		{BD274BBF-8D8B-4262-B2AE-15BE9B33B884}.Debug|Any CPU.ActiveCfg = Debug|Any CPU
		{BD274BBF-8D8B-4262-B2AE-15BE9B33B884}.Debug|Any CPU.Build.0 = Debug|Any CPU
		{BD274BBF-8D8B-4262-B2AE-15BE9B33B884}.Release|Any CPU.ActiveCfg = Release|Any CPU
		{BD274BBF-8D8B-4262-B2AE-15BE9B33B884}.Release|Any CPU.Build.0 = Release|Any CPU
		{B6898CDC-986F-445C-D757-98E0A23C811B}.Debug|Any CPU.ActiveCfg = Debug|Any CPU
		{B6898CDC-986F-445C-D757-98E0A23C811B}.Debug|Any CPU.Build.0 = Debug|Any CPU
		{B6898CDC-986F-445C-D757-98E0A23C811B}.Release|Any CPU.ActiveCfg = Release|Any CPU
		{B6898CDC-986F-445C-D757-98E0A23C811B}.Release|Any CPU.Build.0 = Release|Any CPU
		{0F166A92-6A77-8AC9-F0A9-8BA9B2DC4123}.Debug|Any CPU.ActiveCfg = Debug|Any CPU
		{0F166A92-6A77-8AC9-F0A9-8BA9B2DC4123}.Debug|Any CPU.Build.0 = Debug|Any CPU
		{0F166A92-6A77-8AC9-F0A9-8BA9B2DC4123}.Release|Any CPU.ActiveCfg = Release|Any CPU
		{0F166A92-6A77-8AC9-F0A9-8BA9B2DC4123}.Release|Any CPU.Build.0 = Release|Any CPU
		{3DC74F92-26CD-6258-5F0C-D136C12221D9}.Debug|Any CPU.ActiveCfg = Debug|Any CPU
		{3DC74F92-26CD-6258-5F0C-D136C12221D9}.Debug|Any CPU.Build.0 = Debug|Any CPU
		{3DC74F92-26CD-6258-5F0C-D136C12221D9}.Release|Any CPU.ActiveCfg = Release|Any CPU
		{3DC74F92-26CD-6258-5F0C-D136C12221D9}.Release|Any CPU.Build.0 = Release|Any CPU
	EndGlobalSection
	GlobalSection(SolutionProperties) = preSolution
		HideSolutionNode = FALSE
	EndGlobalSection
	GlobalSection(ExtensibilityGlobals) = postSolution
		SolutionGuid = {A5BCD31A-9C50-421F-B234-D9A1B731E493}
	EndGlobalSection
EndGlobal
