
Microsoft Visual Studio Solution File, Format Version 12.00
# Visual Studio Version 17
VisualStudioVersion = 17.10.35122.118
MinimumVisualStudioVersion = 10.0.40219.1
Project("{FAE04EC0-301F-11D3-BF4B-00C04F79EFBC}") = "VueApp1.Server", "VueApp1.Server\VueApp1.Server.csproj", "{CBA19C1D-37C8-4945-90F2-DA2786A68B3C}"
EndProject
Project("{54A90642-561A-4BB1-A94E-469ADEE60C69}") = "vueapp1.client", "vueapp1.client\vueapp1.client.esproj", "{7CF1764F-FC3F-4EF8-8280-6B374583F766}"
EndProject
Global
	GlobalSection(SolutionConfigurationPlatforms) = preSolution
		Debug|Any CPU = Debug|Any CPU
		Release|Any CPU = Release|Any CPU
	EndGlobalSection
	GlobalSection(ProjectConfigurationPlatforms) = postSolution
		{CBA19C1D-37C8-4945-90F2-DA2786A68B3C}.Debug|Any CPU.ActiveCfg = Debug|Any CPU
		{CBA19C1D-37C8-4945-90F2-DA2786A68B3C}.Debug|Any CPU.Build.0 = Debug|Any CPU
		{CBA19C1D-37C8-4945-90F2-DA2786A68B3C}.Release|Any CPU.ActiveCfg = Release|Any CPU
		{CBA19C1D-37C8-4945-90F2-DA2786A68B3C}.Release|Any CPU.Build.0 = Release|Any CPU
		{7CF1764F-FC3F-4EF8-8280-6B374583F766}.Debug|Any CPU.ActiveCfg = Debug|Any CPU
		{7CF1764F-FC3F-4EF8-8280-6B374583F766}.Debug|Any CPU.Build.0 = Debug|Any CPU
		{7CF1764F-FC3F-4EF8-8280-6B374583F766}.Debug|Any CPU.Deploy.0 = Debug|Any CPU
		{7CF1764F-FC3F-4EF8-8280-6B374583F766}.Release|Any CPU.ActiveCfg = Release|Any CPU
		{7CF1764F-FC3F-4EF8-8280-6B374583F766}.Release|Any CPU.Build.0 = Release|Any CPU
		{7CF1764F-FC3F-4EF8-8280-6B374583F766}.Release|Any CPU.Deploy.0 = Release|Any CPU
	EndGlobalSection
	GlobalSection(SolutionProperties) = preSolution
		HideSolutionNode = FALSE
	EndGlobalSection
	GlobalSection(ExtensibilityGlobals) = postSolution
		SolutionGuid = {49DDB71C-D999-45F9-9C2A-2927DBB1D27C}
	EndGlobalSection
EndGlobal
